// !$*UTF8*$!
{
	archiveVersion = 1;
	classes = {
	};
	objectVersion = 46;
	objects = {

/* Begin PBXBuildFile section */
		DFB7BBB21A93DD0F00F2920C /* main.m in Sources */ = {isa = PBXBuildFile; fileRef = DFB7BBB11A93DD0F00F2920C /* main.m */; };
		DFB7BBB51A93DD0F00F2920C /* AppDelegate.m in Sources */ = {isa = PBXBuildFile; fileRef = DFB7BBB41A93DD0F00F2920C /* AppDelegate.m */; };
		DFB7BBBB1A93DD0F00F2920C /* Main.storyboard in Resources */ = {isa = PBXBuildFile; fileRef = DFB7BBB91A93DD0F00F2920C /* Main.storyboard */; };
		DFB7BBBD1A93DD0F00F2920C /* Images.xcassets in Resources */ = {isa = PBXBuildFile; fileRef = DFB7BBBC1A93DD0F00F2920C /* Images.xcassets */; };
		DFB7BBC01A93DD0F00F2920C /* LaunchScreen.xib in Resources */ = {isa = PBXBuildFile; fileRef = DFB7BBBE1A93DD0F00F2920C /* LaunchScreen.xib */; };
		DFB7BBCC1A93DD0F00F2920C /* SolarSystem_3Tests.m in Sources */ = {isa = PBXBuildFile; fileRef = DFB7BBCB1A93DD0F00F2920C /* SolarSystem_3Tests.m */; };
		DFB7BBD71A93DD7800F2920C /* TableVC.m in Sources */ = {isa = PBXBuildFile; fileRef = DFB7BBD61A93DD7800F2920C /* TableVC.m */; };
/* End PBXBuildFile section */

/* Begin PBXContainerItemProxy section */
		DFB7BBC61A93DD0F00F2920C /* PBXContainerItemProxy */ = {
			isa = PBXContainerItemProxy;
			containerPortal = DFB7BBA41A93DD0F00F2920C /* Project object */;
			proxyType = 1;
			remoteGlobalIDString = DFB7BBAB1A93DD0F00F2920C;
			remoteInfo = SolarSystem_3;
		};
/* End PBXContainerItemProxy section */

/* Begin PBXFileReference section */
		DFB7BBAC1A93DD0F00F2920C /* SolarSystem_3.app */ = {isa = PBXFileReference; explicitFileType = wrapper.application; includeInIndex = 0; path = SolarSystem_3.app; sourceTree = BUILT_PRODUCTS_DIR; };
		DFB7BBB01A93DD0F00F2920C /* Info.plist */ = {isa = PBXFileReference; lastKnownFileType = text.plist.xml; path = Info.plist; sourceTree = "<group>"; };
		DFB7BBB11A93DD0F00F2920C /* main.m */ = {isa = PBXFileReference; lastKnownFileType = sourcecode.c.objc; path = main.m; sourceTree = "<group>"; };
		DFB7BBB31A93DD0F00F2920C /* AppDelegate.h */ = {isa = PBXFileReference; lastKnownFileType = sourcecode.c.h; path = AppDelegate.h; sourceTree = "<group>"; };
		DFB7BBB41A93DD0F00F2920C /* AppDelegate.m */ = {isa = PBXFileReference; lastKnownFileType = sourcecode.c.objc; path = AppDelegate.m; sourceTree = "<group>"; };
		DFB7BBBA1A93DD0F00F2920C /* Base */ = {isa = PBXFileReference; lastKnownFileType = file.storyboard; name = Base; path = Base.lproj/Main.storyboard; sourceTree = "<group>"; };
		DFB7BBBC1A93DD0F00F2920C /* Images.xcassets */ = {isa = PBXFileReference; lastKnownFileType = folder.assetcatalog; path = Images.xcassets; sourceTree = "<group>"; };
		DFB7BBBF1A93DD0F00F2920C /* Base */ = {isa = PBXFileReference; lastKnownFileType = file.xib; name = Base; path = Base.lproj/LaunchScreen.xib; sourceTree = "<group>"; };
		DFB7BBC51A93DD0F00F2920C /* SolarSystem_3Tests.xctest */ = {isa = PBXFileReference; explicitFileType = wrapper.cfbundle; includeInIndex = 0; path = SolarSystem_3Tests.xctest; sourceTree = BUILT_PRODUCTS_DIR; };
		DFB7BBCA1A93DD0F00F2920C /* Info.plist */ = {isa = PBXFileReference; lastKnownFileType = text.plist.xml; path = Info.plist; sourceTree = "<group>"; };
		DFB7BBCB1A93DD0F00F2920C /* SolarSystem_3Tests.m */ = {isa = PBXFileReference; lastKnownFileType = sourcecode.c.objc; path = SolarSystem_3Tests.m; sourceTree = "<group>"; };
		DFB7BBD51A93DD7800F2920C /* TableVC.h */ = {isa = PBXFileReference; fileEncoding = 4; lastKnownFileType = sourcecode.c.h; path = TableVC.h; sourceTree = "<group>"; };
		DFB7BBD61A93DD7800F2920C /* TableVC.m */ = {isa = PBXFileReference; fileEncoding = 4; lastKnownFileType = sourcecode.c.objc; path = TableVC.m; sourceTree = "<group>"; };
/* End PBXFileReference section */

/* Begin PBXFrameworksBuildPhase section */
		DFB7BBA91A93DD0F00F2920C /* Frameworks */ = {
			isa = PBXFrameworksBuildPhase;
			buildActionMask = 2147483647;
			files = (
			);
			runOnlyForDeploymentPostprocessing = 0;
		};
		DFB7BBC21A93DD0F00F2920C /* Frameworks */ = {
			isa = PBXFrameworksBuildPhase;
			buildActionMask = 2147483647;
			files = (
			);
			runOnlyForDeploymentPostprocessing = 0;
		};
/* End PBXFrameworksBuildPhase section */

/* Begin PBXGroup section */
		DFB7BBA31A93DD0F00F2920C = {
			isa = PBXGroup;
			children = (
				DFB7BBAE1A93DD0F00F2920C /* SolarSystem_3 */,
				DFB7BBC81A93DD0F00F2920C /* SolarSystem_3Tests */,
				DFB7BBAD1A93DD0F00F2920C /* Products */,
			);
			sourceTree = "<group>";
		};
		DFB7BBAD1A93DD0F00F2920C /* Products */ = {
			isa = PBXGroup;
			children = (
				DFB7BBAC1A93DD0F00F2920C /* SolarSystem_3.app */,
				DFB7BBC51A93DD0F00F2920C /* SolarSystem_3Tests.xctest */,
			);
			name = Products;
			sourceTree = "<group>";
		};
		DFB7BBAE1A93DD0F00F2920C /* SolarSystem_3 */ = {
			isa = PBXGroup;
			children = (
				DFB7BBB31A93DD0F00F2920C /* AppDelegate.h */,
				DFB7BBB41A93DD0F00F2920C /* AppDelegate.m */,
				DFB7BBB91A93DD0F00F2920C /* Main.storyboard */,
				DFB7BBD51A93DD7800F2920C /* TableVC.h */,
				DFB7BBD61A93DD7800F2920C /* TableVC.m */,
				DFB7BBBC1A93DD0F00F2920C /* Images.xcassets */,
				DFB7BBBE1A93DD0F00F2920C /* LaunchScreen.xib */,
				DFB7BBAF1A93DD0F00F2920C /* Supporting Files */,
			);
			path = SolarSystem_3;
			sourceTree = "<group>";
		};
		DFB7BBAF1A93DD0F00F2920C /* Supporting Files */ = {
			isa = PBXGroup;
			children = (
				DFB7BBB01A93DD0F00F2920C /* Info.plist */,
				DFB7BBB11A93DD0F00F2920C /* main.m */,
			);
			name = "Supporting Files";
			sourceTree = "<group>";
		};
		DFB7BBC81A93DD0F00F2920C /* SolarSystem_3Tests */ = {
			isa = PBXGroup;
			children = (
				DFB7BBCB1A93DD0F00F2920C /* SolarSystem_3Tests.m */,
				DFB7BBC91A93DD0F00F2920C /* Supporting Files */,
			);
			path = SolarSystem_3Tests;
			sourceTree = "<group>";
		};
		DFB7BBC91A93DD0F00F2920C /* Supporting Files */ = {
			isa = PBXGroup;
			children = (
				DFB7BBCA1A93DD0F00F2920C /* Info.plist */,
			);
			name = "Supporting Files";
			sourceTree = "<group>";
		};
/* End PBXGroup section */

/* Begin PBXNativeTarget section */
		DFB7BBAB1A93DD0F00F2920C /* SolarSystem_3 */ = {
			isa = PBXNativeTarget;
			buildConfigurationList = DFB7BBCF1A93DD0F00F2920C /* Build configuration list for PBXNativeTarget "SolarSystem_3" */;
			buildPhases = (
				DFB7BBA81A93DD0F00F2920C /* Sources */,
				DFB7BBA91A93DD0F00F2920C /* Frameworks */,
				DFB7BBAA1A93DD0F00F2920C /* Resources */,
			);
			buildRules = (
			);
			dependencies = (
			);
			name = SolarSystem_3;
			productName = SolarSystem_3;
			productReference = DFB7BBAC1A93DD0F00F2920C /* SolarSystem_3.app */;
			productType = "com.apple.product-type.application";
		};
		DFB7BBC41A93DD0F00F2920C /* SolarSystem_3Tests */ = {
			isa = PBXNativeTarget;
			buildConfigurationList = DFB7BBD21A93DD0F00F2920C /* Build configuration list for PBXNativeTarget "SolarSystem_3Tests" */;
			buildPhases = (
				DFB7BBC11A93DD0F00F2920C /* Sources */,
				DFB7BBC21A93DD0F00F2920C /* Frameworks */,
				DFB7BBC31A93DD0F00F2920C /* Resources */,
			);
			buildRules = (
			);
			dependencies = (
				DFB7BBC71A93DD0F00F2920C /* PBXTargetDependency */,
			);
			name = SolarSystem_3Tests;
			productName = SolarSystem_3Tests;
			productReference = DFB7BBC51A93DD0F00F2920C /* SolarSystem_3Tests.xctest */;
			productType = "com.apple.product-type.bundle.unit-test";
		};
/* End PBXNativeTarget section */

/* Begin PBXProject section */
		DFB7BBA41A93DD0F00F2920C /* Project object */ = {
			isa = PBXProject;
			attributes = {
				LastUpgradeCheck = 0610;
				ORGANIZATIONNAME = Maptier;
				TargetAttributes = {
					DFB7BBAB1A93DD0F00F2920C = {
						CreatedOnToolsVersion = 6.1.1;
					};
					DFB7BBC41A93DD0F00F2920C = {
						CreatedOnToolsVersion = 6.1.1;
						TestTargetID = DFB7BBAB1A93DD0F00F2920C;
					};
				};
			};
			buildConfigurationList = DFB7BBA71A93DD0F00F2920C /* Build configuration list for PBXProject "SolarSystem_3" */;
			compatibilityVersion = "Xcode 3.2";
			developmentRegion = English;
			hasScannedForEncodings = 0;
			knownRegions = (
				en,
				Base,
			);
			mainGroup = DFB7BBA31A93DD0F00F2920C;
			productRefGroup = DFB7BBAD1A93DD0F00F2920C /* Products */;
			projectDirPath = "";
			projectRoot = "";
			targets = (
				DFB7BBAB1A93DD0F00F2920C /* SolarSystem_3 */,
				DFB7BBC41A93DD0F00F2920C /* SolarSystem_3Tests */,
			);
		};
/* End PBXProject section */

/* Begin PBXResourcesBuildPhase section */
		DFB7BBAA1A93DD0F00F2920C /* Resources */ = {
			isa = PBXResourcesBuildPhase;
			buildActionMask = 2147483647;
			files = (
				DFB7BBBB1A93DD0F00F2920C /* Main.storyboard in Resources */,
				DFB7BBC01A93DD0F00F2920C /* LaunchScreen.xib in Resources */,
				DFB7BBBD1A93DD0F00F2920C /* Images.xcassets in Resources */,
			);
			runOnlyForDeploymentPostprocessing = 0;
		};
		DFB7BBC31A93DD0F00F2920C /* Resources */ = {
			isa = PBXResourcesBuildPhase;
			buildActionMask = 2147483647;
			files = (
			);
			runOnlyForDeploymentPostprocessing = 0;
		};
/* End PBXResourcesBuildPhase section */

/* Begin PBXSourcesBuildPhase section */
		DFB7BBA81A93DD0F00F2920C /* Sources */ = {
			isa = PBXSourcesBuildPhase;
			buildActionMask = 2147483647;
			files = (
				DFB7BBD71A93DD7800F2920C /* TableVC.m in Sources */,
				DFB7BBB51A93DD0F00F2920C /* AppDelegate.m in Sources */,
				DFB7BBB21A93DD0F00F2920C /* main.m in Sources */,
			);
			runOnlyForDeploymentPostprocessing = 0;
		};
		DFB7BBC11A93DD0F00F2920C /* Sources */ = {
			isa = PBXSourcesBuildPhase;
			buildActionMask = 2147483647;
			files = (
				DFB7BBCC1A93DD0F00F2920C /* SolarSystem_3Tests.m in Sources */,
			);
			runOnlyForDeploymentPostprocessing = 0;
		};
/* End PBXSourcesBuildPhase section */

/* Begin PBXTargetDependency section */
		DFB7BBC71A93DD0F00F2920C /* PBXTargetDependency */ = {
			isa = PBXTargetDependency;
			target = DFB7BBAB1A93DD0F00F2920C /* SolarSystem_3 */;
			targetProxy = DFB7BBC61A93DD0F00F2920C /* PBXContainerItemProxy */;
		};
/* End PBXTargetDependency section */

/* Begin PBXVariantGroup section */
		DFB7BBB91A93DD0F00F2920C /* Main.storyboard */ = {
			isa = PBXVariantGroup;
			children = (
				DFB7BBBA1A93DD0F00F2920C /* Base */,
			);
			name = Main.storyboard;
			sourceTree = "<group>";
		};
		DFB7BBBE1A93DD0F00F2920C /* LaunchScreen.xib */ = {
			isa = PBXVariantGroup;
			children = (
				DFB7BBBF1A93DD0F00F2920C /* Base */,
			);
			name = LaunchScreen.xib;
			sourceTree = "<group>";
		};
/* End PBXVariantGroup section */

/* Begin XCBuildConfiguration section */
		DFB7BBCD1A93DD0F00F2920C /* Debug */ = {
			isa = XCBuildConfiguration;
			buildSettings = {
				ALWAYS_SEARCH_USER_PATHS = NO;
				CLANG_CXX_LANGUAGE_STANDARD = "gnu++0x";
				CLANG_CXX_LIBRARY = "libc++";
				CLANG_ENABLE_MODULES = YES;
				CLANG_ENABLE_OBJC_ARC = YES;
				CLANG_WARN_BOOL_CONVERSION = YES;
				CLANG_WARN_CONSTANT_CONVERSION = YES;
				CLANG_WARN_DIRECT_OBJC_ISA_USAGE = YES_ERROR;
				CLANG_WARN_EMPTY_BODY = YES;
				CLANG_WARN_ENUM_CONVERSION = YES;
				CLANG_WARN_INT_CONVERSION = YES;
				CLANG_WARN_OBJC_ROOT_CLASS = YES_ERROR;
				CLANG_WARN_UNREACHABLE_CODE = YES;
				CLANG_WARN__DUPLICATE_METHOD_MATCH = YES;
				"CODE_SIGN_IDENTITY[sdk=iphoneos*]" = "iPhone Developer";
				COPY_PHASE_STRIP = NO;
				ENABLE_STRICT_OBJC_MSGSEND = YES;
				GCC_C_LANGUAGE_STANDARD = gnu99;
				GCC_DYNAMIC_NO_PIC = NO;
				GCC_OPTIMIZATION_LEVEL = 0;
				GCC_PREPROCESSOR_DEFINITIONS = (
					"DEBUG=1",
					"$(inherited)",
				);
				GCC_SYMBOLS_PRIVATE_EXTERN = NO;
				GCC_WARN_64_TO_32_BIT_CONVERSION = YES;
				GCC_WARN_ABOUT_RETURN_TYPE = YES_ERROR;
				GCC_WARN_UNDECLARED_SELECTOR = YES;
				GCC_WARN_UNINITIALIZED_AUTOS = YES_AGGRESSIVE;
				GCC_WARN_UNUSED_FUNCTION = YES;
				GCC_WARN_UNUSED_VARIABLE = YES;
				IPHONEOS_DEPLOYMENT_TARGET = 8.1;
				MTL_ENABLE_DEBUG_INFO = YES;
				ONLY_ACTIVE_ARCH = YES;
				SDKROOT = iphoneos;
			};
			name = Debug;
		};
		DFB7BBCE1A93DD0F00F2920C /* Release */ = {
			isa = XCBuildConfiguration;
			buildSettings = {
				ALWAYS_SEARCH_USER_PATHS = NO;
				CLANG_CXX_LANGUAGE_STANDARD = "gnu++0x";
				CLANG_CXX_LIBRARY = "libc++";
				CLANG_ENABLE_MODULES = YES;
				CLANG_ENABLE_OBJC_ARC = YES;
				CLANG_WARN_BOOL_CONVERSION = YES;
				CLANG_WARN_CONSTANT_CONVERSION = YES;
				CLANG_WARN_DIRECT_OBJC_ISA_USAGE = YES_ERROR;
				CLANG_WARN_EMPTY_BODY = YES;
				CLANG_WARN_ENUM_CONVERSION = YES;
				CLANG_WARN_INT_CONVERSION = YES;
				CLANG_WARN_OBJC_ROOT_CLASS = YES_ERROR;
				CLANG_WARN_UNREACHABLE_CODE = YES;
				CLANG_WARN__DUPLICATE_METHOD_MATCH = YES;
				"CODE_SIGN_IDENTITY[sdk=iphoneos*]" = "iPhone Developer";
				COPY_PHASE_STRIP = YES;
				ENABLE_NS_ASSERTIONS = NO;
				ENABLE_STRICT_OBJC_MSGSEND = YES;
				GCC_C_LANGUAGE_STANDARD = gnu99;
				GCC_WARN_64_TO_32_BIT_CONVERSION = YES;
				GCC_WARN_ABOUT_RETURN_TYPE = YES_ERROR;
				GCC_WARN_UNDECLARED_SELECTOR = YES;
				GCC_WARN_UNINITIALIZED_AUTOS = YES_AGGRESSIVE;
				GCC_WARN_UNUSED_FUNCTION = YES;
				GCC_WARN_UNUSED_VARIABLE = YES;
				IPHONEOS_DEPLOYMENT_TARGET = 8.1;
				MTL_ENABLE_DEBUG_INFO = NO;
				SDKROOT = iphoneos;
				VALIDATE_PRODUCT = YES;
			};
			name = Release;
		};
		DFB7BBD01A93DD0F00F2920C /* Debug */ = {
			isa = XCBuildConfiguration;
			buildSettings = {
				ASSETCATALOG_COMPILER_APPICON_NAME = AppIcon;
				INFOPLIST_FILE = SolarSystem_3/Info.plist;
				LD_RUNPATH_SEARCH_PATHS = "$(inherited) @executable_path/Frameworks";
				PRODUCT_NAME = "$(TARGET_NAME)";
			};
			name = Debug;
		};
		DFB7BBD11A93DD0F00F2920C /* Release */ = {
			isa = XCBuildConfiguration;
			buildSettings = {
				ASSETCATALOG_COMPILER_APPICON_NAME = AppIcon;
				INFOPLIST_FILE = SolarSystem_3/Info.plist;
				LD_RUNPATH_SEARCH_PATHS = "$(inherited) @executable_path/Frameworks";
				PRODUCT_NAME = "$(TARGET_NAME)";
			};
			name = Release;
		};
		DFB7BBD31A93DD0F00F2920C /* Debug */ = {
			isa = XCBuildConfiguration;
			buildSettings = {
				BUNDLE_LOADER = "$(TEST_HOST)";
				FRAMEWORK_SEARCH_PATHS = (
					"$(SDKROOT)/Developer/Library/Frameworks",
					"$(inherited)",
				);
				GCC_PREPROCESSOR_DEFINITIONS = (
					"DEBUG=1",
					"$(inherited)",
				);
				INFOPLIST_FILE = SolarSystem_3Tests/Info.plist;
				LD_RUNPATH_SEARCH_PATHS = "$(inherited) @executable_path/Frameworks @loader_path/Frameworks";
				PRODUCT_NAME = "$(TARGET_NAME)";
				TEST_HOST = "$(BUILT_PRODUCTS_DIR)/SolarSystem_3.app/SolarSystem_3";
			};
			name = Debug;
		};
		DFB7BBD41A93DD0F00F2920C /* Release */ = {
			isa = XCBuildConfiguration;
			buildSettings = {
				BUNDLE_LOADER = "$(TEST_HOST)";
				FRAMEWORK_SEARCH_PATHS = (
					"$(SDKROOT)/Developer/Library/Frameworks",
					"$(inherited)",
				);
				INFOPLIST_FILE = SolarSystem_3Tests/Info.plist;
				LD_RUNPATH_SEARCH_PATHS = "$(inherited) @executable_path/Frameworks @loader_path/Frameworks";
				PRODUCT_NAME = "$(TARGET_NAME)";
				TEST_HOST = "$(BUILT_PRODUCTS_DIR)/SolarSystem_3.app/SolarSystem_3";
			};
			name = Release;
		};
/* End XCBuildConfiguration section */

/* Begin XCConfigurationList section */
		DFB7BBA71A93DD0F00F2920C /* Build configuration list for PBXProject "SolarSystem_3" */ = {
			isa = XCConfigurationList;
			buildConfigurations = (
				DFB7BBCD1A93DD0F00F2920C /* Debug */,
				DFB7BBCE1A93DD0F00F2920C /* Release */,
			);
			defaultConfigurationIsVisible = 0;
			defaultConfigurationName = Release;
		};
		DFB7BBCF1A93DD0F00F2920C /* Build configuration list for PBXNativeTarget "SolarSystem_3" */ = {
			isa = XCConfigurationList;
			buildConfigurations = (
				DFB7BBD01A93DD0F00F2920C /* Debug */,
				DFB7BBD11A93DD0F00F2920C /* Release */,
			);
			defaultConfigurationIsVisible = 0;
		};
		DFB7BBD21A93DD0F00F2920C /* Build configuration list for PBXNativeTarget "SolarSystem_3Tests" */ = {
			isa = XCConfigurationList;
			buildConfigurations = (
				DFB7BBD31A93DD0F00F2920C /* Debug */,
				DFB7BBD41A93DD0F00F2920C /* Release */,
			);
			defaultConfigurationIsVisible = 0;
		};
/* End XCConfigurationList section */
	};
	rootObject = DFB7BBA41A93DD0F00F2920C /* Project object */;
}
